// !$*UTF8*$!
{
	archiveVersion = 1;
	classes = {
	};
	objectVersion = 50;
	objects = {

/* Begin PBXBuildFile section */
		8B52745B22C20F5B008E63C9 /* UnityFramework.framework in Embed Frameworks */ = {isa = PBXBuildFile; fileRef = 8BA01A1222C0CE2000C87525 /* UnityFramework.framework */; settings = {ATTRIBUTES = (CodeSignOnCopy, RemoveHeadersOnCopy, ); }; };
		8B52745F22C20FA6008E63C9 /* UIKit.framework in Frameworks */ = {isa = PBXBuildFile; fileRef = 8B52745E22C20FA6008E63C9 /* UIKit.framework */; };
		8BA019FE22C0CE0700C87525 /* AppDelegate.swift in Sources */ = {isa = PBXBuildFile; fileRef = 8BA019FD22C0CE0700C87525 /* AppDelegate.swift */; };
		8BA01A0022C0CE0700C87525 /* ViewController.swift in Sources */ = {isa = PBXBuildFile; fileRef = 8BA019FF22C0CE0700C87525 /* ViewController.swift */; };
		8BA01A0322C0CE0700C87525 /* Main.storyboard in Resources */ = {isa = PBXBuildFile; fileRef = 8BA01A0122C0CE0700C87525 /* Main.storyboard */; };
		8BA01A0622C0CE0700C87525 /* SwiftObjective.xcdatamodeld in Sources */ = {isa = PBXBuildFile; fileRef = 8BA01A0422C0CE0700C87525 /* SwiftObjective.xcdatamodeld */; };
		8BA01A0822C0CE0800C87525 /* Assets.xcassets in Resources */ = {isa = PBXBuildFile; fileRef = 8BA01A0722C0CE0800C87525 /* Assets.xcassets */; };
		8BA01A0B22C0CE0800C87525 /* LaunchScreen.storyboard in Resources */ = {isa = PBXBuildFile; fileRef = 8BA01A0922C0CE0800C87525 /* LaunchScreen.storyboard */; };
		8BA01A2122C0E02C00C87525 /* UnityFrameworkBridge.m in Sources */ = {isa = PBXBuildFile; fileRef = 8BA01A2022C0E02C00C87525 /* UnityFrameworkBridge.m */; };
/* End PBXBuildFile section */

/* Begin PBXCopyFilesBuildPhase section */
		8B52745C22C20F5B008E63C9 /* Embed Frameworks */ = {
			isa = PBXCopyFilesBuildPhase;
			buildActionMask = 2147483647;
			dstPath = "";
			dstSubfolderSpec = 10;
			files = (
				8B52745B22C20F5B008E63C9 /* UnityFramework.framework in Embed Frameworks */,
			);
			name = "Embed Frameworks";
			runOnlyForDeploymentPostprocessing = 0;
		};
/* End PBXCopyFilesBuildPhase section */

/* Begin PBXFileReference section */
		8B52745E22C20FA6008E63C9 /* UIKit.framework */ = {isa = PBXFileReference; lastKnownFileType = wrapper.framework; name = UIKit.framework; path = System/Library/Frameworks/UIKit.framework; sourceTree = SDKROOT; };
		8BA019FA22C0CE0700C87525 /* SwiftObjective.app */ = {isa = PBXFileReference; explicitFileType = wrapper.application; includeInIndex = 0; path = SwiftObjective.app; sourceTree = BUILT_PRODUCTS_DIR; };
		8BA019FD22C0CE0700C87525 /* AppDelegate.swift */ = {isa = PBXFileReference; lastKnownFileType = sourcecode.swift; path = AppDelegate.swift; sourceTree = "<group>"; };
		8BA019FF22C0CE0700C87525 /* ViewController.swift */ = {isa = PBXFileReference; lastKnownFileType = sourcecode.swift; path = ViewController.swift; sourceTree = "<group>"; };
		8BA01A0222C0CE0700C87525 /* Base */ = {isa = PBXFileReference; lastKnownFileType = file.storyboard; name = Base; path = Base.lproj/Main.storyboard; sourceTree = "<group>"; };
		8BA01A0522C0CE0700C87525 /* SwiftObjective.xcdatamodel */ = {isa = PBXFileReference; lastKnownFileType = wrapper.xcdatamodel; path = SwiftObjective.xcdatamodel; sourceTree = "<group>"; };
		8BA01A0722C0CE0800C87525 /* Assets.xcassets */ = {isa = PBXFileReference; lastKnownFileType = folder.assetcatalog; path = Assets.xcassets; sourceTree = "<group>"; };
		8BA01A0A22C0CE0800C87525 /* Base */ = {isa = PBXFileReference; lastKnownFileType = file.storyboard; name = Base; path = Base.lproj/LaunchScreen.storyboard; sourceTree = "<group>"; };
		8BA01A0C22C0CE0800C87525 /* Info.plist */ = {isa = PBXFileReference; lastKnownFileType = text.plist.xml; path = Info.plist; sourceTree = "<group>"; };
		8BA01A1222C0CE2000C87525 /* UnityFramework.framework */ = {isa = PBXFileReference; explicitFileType = wrapper.framework; path = UnityFramework.framework; sourceTree = BUILT_PRODUCTS_DIR; };
		8BA01A1622C0CE4F00C87525 /* SwiftObjective-Bridging-Header.h */ = {isa = PBXFileReference; lastKnownFileType = sourcecode.c.h; path = "SwiftObjective-Bridging-Header.h"; sourceTree = "<group>"; };
		8BA01A1F22C0DF6200C87525 /* UnityFrameworkBridge.h */ = {isa = PBXFileReference; lastKnownFileType = sourcecode.c.h; path = UnityFrameworkBridge.h; sourceTree = "<group>"; };
		8BA01A2022C0E02C00C87525 /* UnityFrameworkBridge.m */ = {isa = PBXFileReference; lastKnownFileType = sourcecode.c.objc; path = UnityFrameworkBridge.m; sourceTree = "<group>"; };
/* End PBXFileReference section */

/* Begin PBXFrameworksBuildPhase section */
		8BA019F722C0CE0700C87525 /* Frameworks */ = {
			isa = PBXFrameworksBuildPhase;
			buildActionMask = 2147483647;
			files = (
				8B52745F22C20FA6008E63C9 /* UIKit.framework in Frameworks */,
			);
			runOnlyForDeploymentPostprocessing = 0;
		};
/* End PBXFrameworksBuildPhase section */

/* Begin PBXGroup section */
		8B52745D22C20FA6008E63C9 /* Frameworks */ = {
			isa = PBXGroup;
			children = (
				8B52745E22C20FA6008E63C9 /* UIKit.framework */,
			);
			name = Frameworks;
			sourceTree = "<group>";
		};
		8BA019F122C0CE0600C87525 = {
			isa = PBXGroup;
			children = (
				8BA01A1222C0CE2000C87525 /* UnityFramework.framework */,
				8BA019FC22C0CE0700C87525 /* UaalSwift_ObjectiveC */,
				8BA019FB22C0CE0700C87525 /* Products */,
				8B52745D22C20FA6008E63C9 /* Frameworks */,
			);
			sourceTree = "<group>";
		};
		8BA019FB22C0CE0700C87525 /* Products */ = {
			isa = PBXGroup;
			children = (
				8BA019FA22C0CE0700C87525 /* SwiftObjective.app */,
			);
			name = Products;
			sourceTree = "<group>";
		};
		8BA019FC22C0CE0700C87525 /* UaalSwift_ObjectiveC */ = {
			isa = PBXGroup;
			children = (
				8BA019FD22C0CE0700C87525 /* AppDelegate.swift */,
				8BA019FF22C0CE0700C87525 /* ViewController.swift */,
				8BA01A0122C0CE0700C87525 /* Main.storyboard */,
				8BA01A0722C0CE0800C87525 /* Assets.xcassets */,
				8BA01A0922C0CE0800C87525 /* LaunchScreen.storyboard */,
				8BA01A0C22C0CE0800C87525 /* Info.plist */,
				8BA01A0422C0CE0700C87525 /* SwiftObjective.xcdatamodeld */,
				8BA01A1622C0CE4F00C87525 /* SwiftObjective-Bridging-Header.h */,
				8BA01A1F22C0DF6200C87525 /* UnityFrameworkBridge.h */,
				8BA01A2022C0E02C00C87525 /* UnityFrameworkBridge.m */,
			);
			path = UaalSwift_ObjectiveC;
			sourceTree = "<group>";
		};
/* End PBXGroup section */

/* Begin PBXNativeTarget section */
		8BA019F922C0CE0700C87525 /* SwiftObjective */ = {
			isa = PBXNativeTarget;
			buildConfigurationList = 8BA01A0F22C0CE0800C87525 /* Build configuration list for PBXNativeTarget "SwiftObjective" */;
			buildPhases = (
				8BA019F622C0CE0700C87525 /* Sources */,
				8BA019F722C0CE0700C87525 /* Frameworks */,
				8BA019F822C0CE0700C87525 /* Resources */,
				8B52745C22C20F5B008E63C9 /* Embed Frameworks */,
			);
			buildRules = (
			);
			dependencies = (
			);
			name = SwiftObjective;
			productName = SwiftObjective;
			productReference = 8BA019FA22C0CE0700C87525 /* SwiftObjective.app */;
			productType = "com.apple.product-type.application";
		};
/* End PBXNativeTarget section */

/* Begin PBXProject section */
		8BA019F222C0CE0600C87525 /* Project object */ = {
			isa = PBXProject;
			attributes = {
				LastSwiftUpdateCheck = 1010;
				LastUpgradeCheck = 1010;
				ORGANIZATIONNAME = Developer;
				TargetAttributes = {
					8BA019F922C0CE0700C87525 = {
						CreatedOnToolsVersion = 10.1;
						LastSwiftMigration = 1010;
					};
				};
			};
			buildConfigurationList = 8BA019F522C0CE0600C87525 /* Build configuration list for PBXProject "UaalSwift_ObjectiveC" */;
			compatibilityVersion = "Xcode 9.3";
			developmentRegion = en;
			hasScannedForEncodings = 0;
			knownRegions = (
				en,
				Base,
			);
			mainGroup = 8BA019F122C0CE0600C87525;
			productRefGroup = 8BA019FB22C0CE0700C87525 /* Products */;
			projectDirPath = "";
			projectRoot = "";
			targets = (
				8BA019F922C0CE0700C87525 /* SwiftObjective */,
			);
		};
/* End PBXProject section */

/* Begin PBXResourcesBuildPhase section */
		8BA019F822C0CE0700C87525 /* Resources */ = {
			isa = PBXResourcesBuildPhase;
			buildActionMask = 2147483647;
			files = (
				8BA01A0B22C0CE0800C87525 /* LaunchScreen.storyboard in Resources */,
				8BA01A0822C0CE0800C87525 /* Assets.xcassets in Resources */,
				8BA01A0322C0CE0700C87525 /* Main.storyboard in Resources */,
			);
			runOnlyForDeploymentPostprocessing = 0;
		};
/* End PBXResourcesBuildPhase section */

/* Begin PBXSourcesBuildPhase section */
		8BA019F622C0CE0700C87525 /* Sources */ = {
			isa = PBXSourcesBuildPhase;
			buildActionMask = 2147483647;
			files = (
				8BA01A2122C0E02C00C87525 /* UnityFrameworkBridge.m in Sources */,
				8BA01A0022C0CE0700C87525 /* ViewController.swift in Sources */,
				8BA019FE22C0CE0700C87525 /* AppDelegate.swift in Sources */,
				8BA01A0622C0CE0700C87525 /* SwiftObjective.xcdatamodeld in Sources */,
			);
			runOnlyForDeploymentPostprocessing = 0;
		};
/* End PBXSourcesBuildPhase section */

/* Begin PBXVariantGroup section */
		8BA01A0122C0CE0700C87525 /* Main.storyboard */ = {
			isa = PBXVariantGroup;
			children = (
				8BA01A0222C0CE0700C87525 /* Base */,
			);
			name = Main.storyboard;
			sourceTree = "<group>";
		};
		8BA01A0922C0CE0800C87525 /* LaunchScreen.storyboard */ = {
			isa = PBXVariantGroup;
			children = (
				8BA01A0A22C0CE0800C87525 /* Base */,
			);
			name = LaunchScreen.storyboard;
			sourceTree = "<group>";
		};
/* End PBXVariantGroup section */

/* Begin XCBuildConfiguration section */
		8BA01A0D22C0CE0800C87525 /* Debug */ = {
			isa = XCBuildConfiguration;
			buildSettings = {
				ALWAYS_SEARCH_USER_PATHS = NO;
				CLANG_ANALYZER_NONNULL = YES;
				CLANG_ANALYZER_NUMBER_OBJECT_CONVERSION = YES_AGGRESSIVE;
				CLANG_CXX_LANGUAGE_STANDARD = "gnu++14";
				CLANG_CXX_LIBRARY = "libc++";
				CLANG_ENABLE_MODULES = YES;
				CLANG_ENABLE_OBJC_ARC = YES;
				CLANG_ENABLE_OBJC_WEAK = YES;
				CLANG_WARN_BLOCK_CAPTURE_AUTORELEASING = YES;
				CLANG_WARN_BOOL_CONVERSION = YES;
				CLANG_WARN_COMMA = YES;
				CLANG_WARN_CONSTANT_CONVERSION = YES;
				CLANG_WARN_DEPRECATED_OBJC_IMPLEMENTATIONS = YES;
				CLANG_WARN_DIRECT_OBJC_ISA_USAGE = YES_ERROR;
				CLANG_WARN_DOCUMENTATION_COMMENTS = YES;
				CLANG_WARN_EMPTY_BODY = YES;
				CLANG_WARN_ENUM_CONVERSION = YES;
				CLANG_WARN_INFINITE_RECURSION = YES;
				CLANG_WARN_INT_CONVERSION = YES;
				CLANG_WARN_NON_LITERAL_NULL_CONVERSION = YES;
				CLANG_WARN_OBJC_IMPLICIT_RETAIN_SELF = YES;
				CLANG_WARN_OBJC_LITERAL_CONVERSION = YES;
				CLANG_WARN_OBJC_ROOT_CLASS = YES_ERROR;
				CLANG_WARN_RANGE_LOOP_ANALYSIS = YES;
				CLANG_WARN_STRICT_PROTOTYPES = YES;
				CLANG_WARN_SUSPICIOUS_MOVE = YES;
				CLANG_WARN_UNGUARDED_AVAILABILITY = YES_AGGRESSIVE;
				CLANG_WARN_UNREACHABLE_CODE = YES;
				CLANG_WARN__DUPLICATE_METHOD_MATCH = YES;
				CODE_SIGN_IDENTITY = "iPhone Developer";
				COPY_PHASE_STRIP = NO;
				DEBUG_INFORMATION_FORMAT = dwarf;
				ENABLE_STRICT_OBJC_MSGSEND = YES;
				ENABLE_TESTABILITY = YES;
				GCC_C_LANGUAGE_STANDARD = gnu11;
				GCC_DYNAMIC_NO_PIC = NO;
				GCC_NO_COMMON_BLOCKS = YES;
				GCC_OPTIMIZATION_LEVEL = 0;
				GCC_PREPROCESSOR_DEFINITIONS = (
					"DEBUG=1",
					"$(inherited)",
				);
				GCC_WARN_64_TO_32_BIT_CONVERSION = YES;
				GCC_WARN_ABOUT_RETURN_TYPE = YES_ERROR;
				GCC_WARN_UNDECLARED_SELECTOR = YES;
				GCC_WARN_UNINITIALIZED_AUTOS = YES_AGGRESSIVE;
				GCC_WARN_UNUSED_FUNCTION = YES;
				GCC_WARN_UNUSED_VARIABLE = YES;
				IPHONEOS_DEPLOYMENT_TARGET = 10.0;
				MTL_ENABLE_DEBUG_INFO = INCLUDE_SOURCE;
				MTL_FAST_MATH = YES;
				ONLY_ACTIVE_ARCH = YES;
				SDKROOT = iphoneos;
				SWIFT_ACTIVE_COMPILATION_CONDITIONS = DEBUG;
				SWIFT_OPTIMIZATION_LEVEL = "-Onone";
			};
			name = Debug;
		};
		8BA01A0E22C0CE0800C87525 /* Release */ = {
			isa = XCBuildConfiguration;
			buildSettings = {
				ALWAYS_SEARCH_USER_PATHS = NO;
				CLANG_ANALYZER_NONNULL = YES;
				CLANG_ANALYZER_NUMBER_OBJECT_CONVERSION = YES_AGGRESSIVE;
				CLANG_CXX_LANGUAGE_STANDARD = "gnu++14";
				CLANG_CXX_LIBRARY = "libc++";
				CLANG_ENABLE_MODULES = YES;
				CLANG_ENABLE_OBJC_ARC = YES;
				CLANG_ENABLE_OBJC_WEAK = YES;
				CLANG_WARN_BLOCK_CAPTURE_AUTORELEASING = YES;
				CLANG_WARN_BOOL_CONVERSION = YES;
				CLANG_WARN_COMMA = YES;
				CLANG_WARN_CONSTANT_CONVERSION = YES;
				CLANG_WARN_DEPRECATED_OBJC_IMPLEMENTATIONS = YES;
				CLANG_WARN_DIRECT_OBJC_ISA_USAGE = YES_ERROR;
				CLANG_WARN_DOCUMENTATION_COMMENTS = YES;
				CLANG_WARN_EMPTY_BODY = YES;
				CLANG_WARN_ENUM_CONVERSION = YES;
				CLANG_WARN_INFINITE_RECURSION = YES;
				CLANG_WARN_INT_CONVERSION = YES;
				CLANG_WARN_NON_LITERAL_NULL_CONVERSION = YES;
				CLANG_WARN_OBJC_IMPLICIT_RETAIN_SELF = YES;
				CLANG_WARN_OBJC_LITERAL_CONVERSION = YES;
				CLANG_WARN_OBJC_ROOT_CLASS = YES_ERROR;
				CLANG_WARN_RANGE_LOOP_ANALYSIS = YES;
				CLANG_WARN_STRICT_PROTOTYPES = YES;
				CLANG_WARN_SUSPICIOUS_MOVE = YES;
				CLANG_WARN_UNGUARDED_AVAILABILITY = YES_AGGRESSIVE;
				CLANG_WARN_UNREACHABLE_CODE = YES;
				CLANG_WARN__DUPLICATE_METHOD_MATCH = YES;
				CODE_SIGN_IDENTITY = "iPhone Developer";
				COPY_PHASE_STRIP = NO;
				DEBUG_INFORMATION_FORMAT = "dwarf-with-dsym";
				ENABLE_NS_ASSERTIONS = NO;
				ENABLE_STRICT_OBJC_MSGSEND = YES;
				GCC_C_LANGUAGE_STANDARD = gnu11;
				GCC_NO_COMMON_BLOCKS = YES;
				GCC_WARN_64_TO_32_BIT_CONVERSION = YES;
				GCC_WARN_ABOUT_RETURN_TYPE = YES_ERROR;
				GCC_WARN_UNDECLARED_SELECTOR = YES;
				GCC_WARN_UNINITIALIZED_AUTOS = YES_AGGRESSIVE;
				GCC_WARN_UNUSED_FUNCTION = YES;
				GCC_WARN_UNUSED_VARIABLE = YES;
				IPHONEOS_DEPLOYMENT_TARGET = 10.0;
				MTL_ENABLE_DEBUG_INFO = NO;
				MTL_FAST_MATH = YES;
				SDKROOT = iphoneos;
				SWIFT_COMPILATION_MODE = wholemodule;
				SWIFT_OPTIMIZATION_LEVEL = "-O";
				VALIDATE_PRODUCT = YES;
			};
			name = Release;
		};
		8BA01A1022C0CE0800C87525 /* Debug */ = {
			isa = XCBuildConfiguration;
			buildSettings = {
				ASSETCATALOG_COMPILER_APPICON_NAME = AppIcon;
				CLANG_ENABLE_MODULES = YES;
				CODE_SIGN_STYLE = Automatic;
				DEVELOPMENT_TEAM = PYBX32A5LL;
				INFOPLIST_FILE = SwiftObjective/Info.plist;
				LD_RUNPATH_SEARCH_PATHS = (
					"$(inherited)",
					"@executable_path/Frameworks",
				);
				PRODUCT_BUNDLE_IDENTIFIER = "com.unity.nativeiOSApp.UaalSwift-ObjectiveC";
				PRODUCT_NAME = "$(TARGET_NAME)";
				SWIFT_OBJC_BRIDGING_HEADER = "SwiftObjective/SwiftObjective-Bridging-Header.h";
				SWIFT_OPTIMIZATION_LEVEL = "-Onone";
				SWIFT_VERSION = 4.2;
				TARGETED_DEVICE_FAMILY = "1,2";
			};
			name = Debug;
		};
		8BA01A1122C0CE0800C87525 /* Release */ = {
			isa = XCBuildConfiguration;
			buildSettings = {
				ASSETCATALOG_COMPILER_APPICON_NAME = AppIcon;
				CLANG_ENABLE_MODULES = YES;
				CODE_SIGN_STYLE = Automatic;
				DEVELOPMENT_TEAM = PYBX32A5LL;
				INFOPLIST_FILE = SwiftObjective/Info.plist;
				LD_RUNPATH_SEARCH_PATHS = (
					"$(inherited)",
					"@executable_path/Frameworks",
				);
				PRODUCT_BUNDLE_IDENTIFIER = "com.unity.nativeiOSApp.UaalSwift-ObjectiveC";
				PRODUCT_NAME = "$(TARGET_NAME)";
				SWIFT_OBJC_BRIDGING_HEADER = "SwiftObjective/SwiftObjective-Bridging-Header.h";
				SWIFT_VERSION = 4.2;
				TARGETED_DEVICE_FAMILY = "1,2";
			};
			name = Release;
		};
/* End XCBuildConfiguration section */

/* Begin XCConfigurationList section */
		8BA019F522C0CE0600C87525 /* Build configuration list for PBXProject "UaalSwift_ObjectiveC" */ = {
			isa = XCConfigurationList;
			buildConfigurations = (
				8BA01A0D22C0CE0800C87525 /* Debug */,
				8BA01A0E22C0CE0800C87525 /* Release */,
			);
			defaultConfigurationIsVisible = 0;
			defaultConfigurationName = Release;
		};
		8BA01A0F22C0CE0800C87525 /* Build configuration list for PBXNativeTarget "SwiftObjective" */ = {
			isa = XCConfigurationList;
			buildConfigurations = (
				8BA01A1022C0CE0800C87525 /* Debug */,
				8BA01A1122C0CE0800C87525 /* Release */,
			);
			defaultConfigurationIsVisible = 0;
			defaultConfigurationName = Release;
		};
/* End XCConfigurationList section */

/* Begin XCVersionGroup section */
		8BA01A0422C0CE0700C87525 /* SwiftObjective.xcdatamodeld */ = {
			isa = XCVersionGroup;
			children = (
				8BA01A0522C0CE0700C87525 /* SwiftObjective.xcdatamodel */,
			);
			currentVersion = 8BA01A0522C0CE0700C87525 /* SwiftObjective.xcdatamodel */;
			path = SwiftObjective.xcdatamodeld;
			sourceTree = "<group>";
			versionGroupType = wrapper.xcdatamodel;
		};
/* End XCVersionGroup section */
	};
	rootObject = 8BA019F222C0CE0600C87525 /* Project object */;
}
